Microsoft Visual Studio Solution File, Format Version 12.00
# Visual Studio 2012
Project("{FAE04EC0-301F-11D3-BF4B-00C04F79EFBC}") = "BallBalance", "BallBalance.csproj", "{FB8723B5-516A-40F9-9E6C-D65D35FA38C8}"
EndProject
Global
	GlobalSection(SolutionConfigurationPlatforms) = preSolution
	Debug|Any CPU = Debug|Any CPU
	ExportDebug|Any CPU = ExportDebug|Any CPU
	ExportRelease|Any CPU = ExportRelease|Any CPU
	EndGlobalSection
	GlobalSection(ProjectConfigurationPlatforms) = postSolution
		{FB8723B5-516A-40F9-9E6C-D65D35FA38C8}.Debug|Any CPU.ActiveCfg = Debug|Any CPU
		{FB8723B5-516A-40F9-9E6C-D65D35FA38C8}.Debug|Any CPU.Build.0 = Debug|Any CPU
		{FB8723B5-516A-40F9-9E6C-D65D35FA38C8}.ExportDebug|Any CPU.ActiveCfg = ExportDebug|Any CPU
		{FB8723B5-516A-40F9-9E6C-D65D35FA38C8}.ExportDebug|Any CPU.Build.0 = ExportDebug|Any CPU
		{FB8723B5-516A-40F9-9E6C-D65D35FA38C8}.ExportRelease|Any CPU.ActiveCfg = ExportRelease|Any CPU
		{FB8723B5-516A-40F9-9E6C-D65D35FA38C8}.ExportRelease|Any CPU.Build.0 = ExportRelease|Any CPU
	EndGlobalSection
EndGlobal
